PODS:
  - MobS (0.3.2)
  - SoftUIView (0.0.2)

DEPENDENCIES:
  - MobS (from `..`)
  - SoftUIView

SPEC REPOS:
  trunk:
    - SoftUIView

EXTERNAL SOURCES:
  MobS:
    :path: ".."

SPEC CHECKSUMS:
  MobS: 62659d82982dfb3e13586c11fe57b38b4021d8b8
  SoftUIView: e04596489fc59b5c50ba4b2f970d82a277430263

PODFILE CHECKSUM: 03b81c4fdef7a365224d8694951f632e84d13d80

COCOAPODS: 1.8.4
